# This file is automatically @generated by Poetry and should not be changed by hand.

[[package]]
name = "anyio"
version = "3.6.2"
description = "High level compatibility layer for multiple asynchronous event loop implementations"
category = "main"
optional = false
python-versions = ">=3.6.2"
files = [
    {file = "anyio-3.6.2-py3-none-any.whl", hash = "sha256:fbbe32bd270d2a2ef3ed1c5d45041250284e31fc0a4df4a5a6071842051a51e3"},
    {file = "anyio-3.6.2.tar.gz", hash = "sha256:25ea0d673ae30af41a0c442f81cf3b38c7e79fdc7b60335a4c14e05eb0947421"},
]

[package.dependencies]
idna = ">=2.8"
sniffio = ">=1.1"

[package.extras]
doc = ["packaging", "sphinx-autodoc-typehints (>=1.2.0)", "sphinx-rtd-theme"]
test = ["contextlib2", "coverage[toml] (>=4.5)", "hypothesis (>=4.0)", "mock (>=4)", "pytest (>=7.0)", "pytest-mock (>=3.6.1)", "trustme", "uvloop (<0.15)", "uvloop (>=0.15)"]
trio = ["trio (>=0.16,<0.22)"]

[[package]]
name = "certifi"
version = "2022.12.7"
description = "Python package for providing Mozilla's CA Bundle."
category = "main"
optional = false
python-versions = ">=3.6"
files = [
    {file = "certifi-2022.12.7-py3-none-any.whl", hash = "sha256:4ad3232f5e926d6718ec31cfc1fcadfde020920e278684144551c91769c7bc18"},
    {file = "certifi-2022.12.7.tar.gz", hash = "sha256:35824b4c3a97115964b408844d64aa14db1cc518f6562e8d7261699d1350a9e3"},
]

[[package]]
name = "cython"
version = "0.29.33"
description = "The Cython compiler for writing C extensions for the Python language."
category = "main"
optional = false
python-versions = ">=2.6, !=3.0.*, !=3.1.*, !=3.2.*"
files = [
    {file = "Cython-0.29.33-cp27-cp27m-manylinux_2_5_i686.manylinux1_i686.whl", hash = "sha256:286cdfb193e23799e113b7bd5ac74f58da5e9a77c70e3b645b078836b896b165"},
    {file = "Cython-0.29.33-cp27-cp27m-manylinux_2_5_x86_64.manylinux1_x86_64.whl", hash = "sha256:8507279a4f86ed8365b96603d5ad155888d4d01b72a9bbf0615880feda5a11d4"},
    {file = "Cython-0.29.33-cp27-cp27mu-manylinux_2_5_i686.manylinux1_i686.whl", hash = "sha256:5bf5ffd96957a595441cca2fc78470d93fdc40dfe5449881b812ea6045d7e9be"},
    {file = "Cython-0.29.33-cp27-cp27mu-manylinux_2_5_x86_64.manylinux1_x86_64.whl", hash = "sha256:d2019a7e54ba8b253f44411863b8f8c0b6cd623f7a92dc0ccb83892358c4283a"},
    {file = "Cython-0.29.33-cp310-cp310-manylinux_2_17_aarch64.manylinux2014_aarch64.manylinux_2_24_aarch64.whl", hash = "sha256:190e60b7505d3b9b60130bcc2251c01b9ef52603420829c19d3c3ede4ac2763a"},
    {file = "Cython-0.29.33-cp310-cp310-manylinux_2_17_x86_64.manylinux2014_x86_64.manylinux_2_24_x86_64.whl", hash = "sha256:0168482495b75fea1c97a9641a95bac991f313e85f378003f9a4909fdeb3d454"},
    {file = "Cython-0.29.33-cp310-cp310-manylinux_2_5_i686.manylinux1_i686.manylinux_2_24_i686.whl", hash = "sha256:090556e41f2b30427dd3a1628d3613177083f47567a30148b6b7b8c7a5862187"},
    {file = "Cython-0.29.33-cp310-cp310-musllinux_1_1_x86_64.whl", hash = "sha256:19c9913e9304bf97f1d2c357438895466f99aa2707d3c7a5e9de60c259e1ca1d"},
    {file = "Cython-0.29.33-cp311-cp311-manylinux_2_17_aarch64.manylinux2014_aarch64.manylinux_2_24_aarch64.whl", hash = "sha256:afc9b6ab20889676c76e700ae6967aa6886a7efe5b05ef6d5b744a6ca793cc43"},
    {file = "Cython-0.29.33-cp311-cp311-manylinux_2_17_x86_64.manylinux2014_x86_64.manylinux_2_24_x86_64.whl", hash = "sha256:49fb45b2bf12d6e2060bbd64506c06ac90e254f3a4bceb32c717f4964a1ae812"},
    {file = "Cython-0.29.33-cp311-cp311-manylinux_2_5_i686.manylinux1_i686.manylinux_2_24_i686.whl", hash = "sha256:5430f38d3d01c4715ec2aef5c41e02a2441c1c3a0149359c7a498e4c605b8e6c"},
    {file = "Cython-0.29.33-cp311-cp311-musllinux_1_1_x86_64.whl", hash = "sha256:c4d315443c7f4c61180b6c3ea9a9717ee7c901cc9db8d1d46fdf6556613840ed"},
    {file = "Cython-0.29.33-cp35-cp35m-manylinux_2_5_i686.manylinux1_i686.whl", hash = "sha256:6b4e6481e3e7e4d345640fe2fdc6dc57c94369b467f3dc280949daa8e9fd13b9"},
    {file = "Cython-0.29.33-cp35-cp35m-manylinux_2_5_x86_64.manylinux1_x86_64.whl", hash = "sha256:060a2568ef80116a0a9dcaf3218a61c6007be0e0b77c5752c094ce5187a4d63c"},
    {file = "Cython-0.29.33-cp36-cp36m-manylinux_2_17_aarch64.manylinux2014_aarch64.manylinux_2_24_aarch64.whl", hash = "sha256:b67ddd32eaa2932a66bf8121accc36a7b3078593805519b0f00040f2b10a6a52"},
    {file = "Cython-0.29.33-cp36-cp36m-manylinux_2_17_x86_64.manylinux2014_x86_64.manylinux_2_24_x86_64.whl", hash = "sha256:1b507236ba3ca94170ce0a504dd03acf77307d4bfbc5a010a8031673f6b213a9"},
    {file = "Cython-0.29.33-cp36-cp36m-manylinux_2_5_i686.manylinux1_i686.manylinux_2_24_i686.whl", hash = "sha256:581efc0622a9be05714222f2b4ac96a5419de58d5949517282d8df38155c8b9d"},
    {file = "Cython-0.29.33-cp36-cp36m-manylinux_2_5_i686.manylinux1_i686.whl", hash = "sha256:6b8bcbf8f1c3c46d6184be1e559e3a3fb8cdf27c6d507d8bc8ae04cfcbfd75f5"},
    {file = "Cython-0.29.33-cp36-cp36m-manylinux_2_5_x86_64.manylinux1_x86_64.whl", hash = "sha256:1ca93bbe584aee92094fd4fb6acc5cb6500acf98d4f57cc59244f0a598b0fcf6"},
    {file = "Cython-0.29.33-cp36-cp36m-musllinux_1_1_x86_64.whl", hash = "sha256:da490129e1e4ffaf3f88bfb46d338549a2150f60f809a63d385b83e00960d11a"},
    {file = "Cython-0.29.33-cp37-cp37m-manylinux_2_17_aarch64.manylinux2014_aarch64.manylinux_2_24_aarch64.whl", hash = "sha256:4cadf5250eda0c5cdaf4c3a29b52be3e0695f4a2bf1ccd49b638d239752ea513"},
    {file = "Cython-0.29.33-cp37-cp37m-manylinux_2_17_x86_64.manylinux2014_x86_64.manylinux_2_24_x86_64.whl", hash = "sha256:bcb1a84fd2bd7885d572adc180e24fd8a7d4b0c104c144e33ccf84a1ab4eb2b8"},
    {file = "Cython-0.29.33-cp37-cp37m-manylinux_2_5_i686.manylinux1_i686.manylinux_2_24_i686.whl", hash = "sha256:d78147ad8a3417ae6b371bbc5bfc6512f6ad4ad3fb71f5eef42e136e4ed14970"},
    {file = "Cython-0.29.33-cp37-cp37m-manylinux_2_5_i686.manylinux1_i686.whl", hash = "sha256:dd96b06b93c0e5fa4fc526c5be37c13a93e2fe7c372b5f358277ebe9e1620957"},
    {file = "Cython-0.29.33-cp37-cp37m-manylinux_2_5_x86_64.manylinux1_x86_64.whl", hash = "sha256:959f0092d58e7fa00fd3434f7ff32fb78be7c2fa9f8e0096326343159477fe45"},
    {file = "Cython-0.29.33-cp37-cp37m-musllinux_1_1_x86_64.whl", hash = "sha256:0455d5b92f461218bcf173a149a88b7396c3a109066274ccab5eff58db0eae32"},
    {file = "Cython-0.29.33-cp38-cp38-manylinux_2_17_aarch64.manylinux2014_aarch64.manylinux_2_24_aarch64.whl", hash = "sha256:a9b0b890656e9d18a18e1efe26ea3d2d0f3e525a07a2a853592b0afc56a15c89"},
    {file = "Cython-0.29.33-cp38-cp38-manylinux_2_17_x86_64.manylinux2014_x86_64.manylinux_2_24_x86_64.whl", hash = "sha256:b5e8ce3039ff64000d58cd45b3f6f83e13f032dde7f27bb1ab96070d9213550b"},
    {file = "Cython-0.29.33-cp38-cp38-manylinux_2_5_i686.manylinux1_i686.manylinux_2_24_i686.whl", hash = "sha256:e8922fa3d7e76b7186bbd0810e170ca61f83661ab1b29dc75e88ff2327aaf49d"},
    {file = "Cython-0.29.33-cp38-cp38-manylinux_2_5_i686.manylinux1_i686.whl", hash = "sha256:f67b7306fd00d55f271009335cecadc506d144205c7891070aad889928d85750"},
    {file = "Cython-0.29.33-cp38-cp38-manylinux_2_5_x86_64.manylinux1_x86_64.whl", hash = "sha256:f271f90005064c49b47a93f456dc6cf0a21d21ef835bd33ac1e0db10ad51f84f"},
    {file = "Cython-0.29.33-cp38-cp38-musllinux_1_1_x86_64.whl", hash = "sha256:d4457d417ffbb94abc42adcd63a03b24ff39cf090f3e9eca5e10cfb90766cbe3"},
    {file = "Cython-0.29.33-cp39-cp39-manylinux_2_17_aarch64.manylinux2014_aarch64.manylinux_2_24_aarch64.whl", hash = "sha256:0b53e017522feb8dcc2189cf1d2d344bab473c5bba5234390b5666d822992c7c"},
    {file = "Cython-0.29.33-cp39-cp39-manylinux_2_17_x86_64.manylinux2014_x86_64.manylinux_2_24_x86_64.whl", hash = "sha256:4f88c2dc0653eef6468848eb8022faf64115b39734f750a1c01a7ba7eb04d89f"},
    {file = "Cython-0.29.33-cp39-cp39-manylinux_2_5_i686.manylinux1_i686.manylinux_2_24_i686.whl", hash = "sha256:1900d862a4a537d2125706740e9f3b016e80f7bbf7b54db6b3cc3d0bdf0f5c3a"},
    {file = "Cython-0.29.33-cp39-cp39-manylinux_2_5_i686.manylinux1_i686.whl", hash = "sha256:37bfca4f9f26361343d8c678f8178321e4ae5b919523eed05d2cd8ddbe6b06ec"},
    {file = "Cython-0.29.33-cp39-cp39-manylinux_2_5_x86_64.manylinux1_x86_64.whl", hash = "sha256:a9863f8238642c0b1ef8069d99da5ade03bfe2225a64b00c5ae006d95f142a73"},
    {file = "Cython-0.29.33-cp39-cp39-musllinux_1_1_x86_64.whl", hash = "sha256:1dd503408924723b0bb10c0013b76e324eeee42db6deced9b02b648f1415d94c"},
    {file = "Cython-0.29.33-py2.py3-none-any.whl", hash = "sha256:8b99252bde8ff51cd06a3fe4aeacd3af9b4ff4a4e6b701ac71bddc54f5da61d6"},
    {file = "Cython-0.29.33.tar.gz", hash = "sha256:5040764c4a4d2ce964a395da24f0d1ae58144995dab92c6b96f44c3f4d72286a"},
]

[[package]]
name = "h11"
version = "0.14.0"
description = "A pure-Python, bring-your-own-I/O implementation of HTTP/1.1"
category = "main"
optional = false
python-versions = ">=3.7"
files = [
    {file = "h11-0.14.0-py3-none-any.whl", hash = "sha256:e3fe4ac4b851c468cc8363d500db52c2ead036020723024a109d37346efaa761"},
    {file = "h11-0.14.0.tar.gz", hash = "sha256:8f19fbbe99e72420ff35c00b27a34cb9937e902a8b810e2c88300c6f0a3b699d"},
]

[[package]]
name = "httpcore"
version = "0.16.3"
description = "A minimal low-level HTTP client."
category = "main"
optional = false
python-versions = ">=3.7"
files = [
    {file = "httpcore-0.16.3-py3-none-any.whl", hash = "sha256:da1fb708784a938aa084bde4feb8317056c55037247c787bd7e19eb2c2949dc0"},
    {file = "httpcore-0.16.3.tar.gz", hash = "sha256:c5d6f04e2fc530f39e0c077e6a30caa53f1451096120f1f38b954afd0b17c0cb"},
]

[package.dependencies]
anyio = ">=3.0,<5.0"
certifi = "*"
h11 = ">=0.13,<0.15"
sniffio = ">=1.0.0,<2.0.0"

[package.extras]
http2 = ["h2 (>=3,<5)"]
socks = ["socksio (>=1.0.0,<2.0.0)"]

[[package]]
name = "httpx"
version = "0.23.3"
description = "The next generation HTTP client."
category = "main"
optional = false
python-versions = ">=3.7"
files = [
    {file = "httpx-0.23.3-py3-none-any.whl", hash = "sha256:a211fcce9b1254ea24f0cd6af9869b3d29aba40154e947d2a07bb499b3e310d6"},
    {file = "httpx-0.23.3.tar.gz", hash = "sha256:9818458eb565bb54898ccb9b8b251a28785dd4a55afbc23d0eb410754fe7d0f9"},
]

[package.dependencies]
certifi = "*"
httpcore = ">=0.15.0,<0.17.0"
rfc3986 = {version = ">=1.3,<2", extras = ["idna2008"]}
sniffio = "*"

[package.extras]
brotli = ["brotli", "brotlicffi"]
cli = ["click (>=8.0.0,<9.0.0)", "pygments (>=2.0.0,<3.0.0)", "rich (>=10,<13)"]
http2 = ["h2 (>=3,<5)"]
socks = ["socksio (>=1.0.0,<2.0.0)"]

[[package]]
name = "idna"
version = "3.4"
description = "Internationalized Domain Names in Applications (IDNA)"
category = "main"
optional = false
python-versions = ">=3.5"
files = [
    {file = "idna-3.4-py3-none-any.whl", hash = "sha256:90b77e79eaa3eba6de819a0c442c0b4ceefc341a7a2ab77d7562bf49f425c5c2"},
    {file = "idna-3.4.tar.gz", hash = "sha256:814f528e8dead7d329833b91c5faa87d60bf71824cd12a7530b5526063d02cb4"},
]

[[package]]
name = "rfc3986"
version = "1.5.0"
description = "Validating URI References per RFC 3986"
category = "main"
optional = false
python-versions = "*"
files = [
    {file = "rfc3986-1.5.0-py2.py3-none-any.whl", hash = "sha256:a86d6e1f5b1dc238b218b012df0aa79409667bb209e58da56d0b94704e712a97"},
    {file = "rfc3986-1.5.0.tar.gz", hash = "sha256:270aaf10d87d0d4e095063c65bf3ddbc6ee3d0b226328ce21e036f946e421835"},
]

[package.dependencies]
idna = {version = "*", optional = true, markers = "extra == \"idna2008\""}

[package.extras]
idna2008 = ["idna"]

[[package]]
name = "selectolax"
version = "0.3.12"
description = "Fast HTML5 parser with CSS selectors."
category = "main"
optional = false
python-versions = "*"
files = [
    {file = "selectolax-0.3.12-cp310-cp310-macosx_10_9_universal2.whl", hash = "sha256:a08e3ef499df78b144f4d8541850b7c8e7f1acec15df648a132583ec9e3b225c"},
    {file = "selectolax-0.3.12-cp310-cp310-macosx_10_9_x86_64.whl", hash = "sha256:e91751c0c190200fbace6a38160137e04b016430136e147da099cae7bab92385"},
    {file = "selectolax-0.3.12-cp310-cp310-manylinux_2_17_aarch64.manylinux2014_aarch64.whl", hash = "sha256:1484f660a9628d7d8680d90795f9301753a4a5cef1ac4cbd34db474c3727e966"},
    {file = "selectolax-0.3.12-cp310-cp310-manylinux_2_17_x86_64.manylinux2014_x86_64.whl", hash = "sha256:9f56c662cae6623fc7777551a34a2c781ab71b6afce8b2c208d489aa891c94b3"},
    {file = "selectolax-0.3.12-cp310-cp310-manylinux_2_5_i686.manylinux1_i686.manylinux_2_17_i686.manylinux2014_i686.whl", hash = "sha256:1a0dac1324a5932e1dfd0f4bf800f01b4d54a5a0203b3dd65382766aee3db943"},
    {file = "selectolax-0.3.12-cp310-cp310-musllinux_1_1_aarch64.whl", hash = "sha256:537face22108b79dd438589bb50a27a218a805999de4b4c7d001e4ee19b5df26"},
    {file = "selectolax-0.3.12-cp310-cp310-musllinux_1_1_i686.whl", hash = "sha256:ac5010c33537c07994251ebe5a88b85915d754209d924a994bb3449e0ef329ed"},
    {file = "selectolax-0.3.12-cp310-cp310-musllinux_1_1_x86_64.whl", hash = "sha256:244ec7f522c4523bc897f5debcf0debb48029de73c33ee67510268ec9eec34d2"},
    {file = "selectolax-0.3.12-cp310-cp310-win32.whl", hash = "sha256:92bbd24d6da21fca34cd313236fb33596fe7ef79210300028b28b6dbead627a4"},
    {file = "selectolax-0.3.12-cp310-cp310-win_amd64.whl", hash = "sha256:fb76d19c972d380df04101527be14fce26d1417a0d41b36685659e444650f3a3"},
    {file = "selectolax-0.3.12-cp311-cp311-macosx_10_9_universal2.whl", hash = "sha256:700bbeb7ae14ed9d8bb715e629fd6ee2cb6177205b09358ceebd0dd18282e6f5"},
    {file = "selectolax-0.3.12-cp311-cp311-macosx_10_9_x86_64.whl", hash = "sha256:2a7fe25271482f5294d28a1f9307cf5263f12da937a2c88cf5e1bb259770990e"},
    {file = "selectolax-0.3.12-cp311-cp311-manylinux_2_17_aarch64.manylinux2014_aarch64.whl", hash = "sha256:4d7cad29ecd151a8336dbb6ae9f6d73eca36cafa7039c6a821ec18c831e60670"},
    {file = "selectolax-0.3.12-cp311-cp311-manylinux_2_17_x86_64.manylinux2014_x86_64.whl", hash = "sha256:f97e6b88d802fe893870b83ad5130f08915565296ed2963d6243ecc0e28aadd4"},
    {file = "selectolax-0.3.12-cp311-cp311-manylinux_2_5_i686.manylinux1_i686.manylinux_2_17_i686.manylinux2014_i686.whl", hash = "sha256:194dbe888661fff64fd6815159ecbd6f9ce6f97b6a2930935613d0a0b13f7987"},
    {file = "selectolax-0.3.12-cp311-cp311-musllinux_1_1_aarch64.whl", hash = "sha256:04ce4ee60c59c53003231a944db403f98b63211502aae8096bc0d1cdbb551663"},
    {file = "selectolax-0.3.12-cp311-cp311-musllinux_1_1_i686.whl", hash = "sha256:da43c6b585ebbb20f878b8eb8530a13e1661ba4956c038c85331a754b50ecd37"},
    {file = "selectolax-0.3.12-cp311-cp311-musllinux_1_1_x86_64.whl", hash = "sha256:ff60b4dd044f9b938f2406241f4932d6b5de3fa2bde128ecf2da3cc92a741723"},
    {file = "selectolax-0.3.12-cp311-cp311-win32.whl", hash = "sha256:591cce89614d1fd2db940e3433c2f5b887ba0d0769bf1f24b65e69914f4a6b66"},
    {file = "selectolax-0.3.12-cp311-cp311-win_amd64.whl", hash = "sha256:02ef4bb5f95d44a54183a3a27795b83dc6a52fbd0ee74a75955eb9262de69c4c"},
    {file = "selectolax-0.3.12-cp36-cp36m-macosx_10_9_x86_64.whl", hash = "sha256:93bc23d45b69d4129fcf826c529ca3fe2f9ed5c0070c34f5d9cdc620157fe2ba"},
    {file = "selectolax-0.3.12-cp36-cp36m-manylinux_2_17_x86_64.manylinux2014_x86_64.whl", hash = "sha256:4ba1766f00d53c5362c2726d760cf69e64e1668e5c974a005783842d0f0329b9"},
    {file = "selectolax-0.3.12-cp36-cp36m-manylinux_2_5_i686.manylinux1_i686.manylinux_2_17_i686.manylinux2014_i686.whl", hash = "sha256:205fe9b510d332b8974a2e2e71d6293263a51cde9b58026032513b2024a78824"},
    {file = "selectolax-0.3.12-cp36-cp36m-musllinux_1_1_i686.whl", hash = "sha256:f170ac2110d5c7d7731cc9e9b2b284a7ae1e06338d2bf94042c44b2d3c5661a8"},
    {file = "selectolax-0.3.12-cp36-cp36m-musllinux_1_1_x86_64.whl", hash = "sha256:d14ab9cb663bb25bb2be0ef9b1c7e0b19470c5dc02849073ac58a58638242248"},
    {file = "selectolax-0.3.12-cp36-cp36m-win32.whl", hash = "sha256:ec7bfa0619a8051ff0fb3ed708530aab12bcbf60bc335cd6d5d9974ec2b8b797"},
    {file = "selectolax-0.3.12-cp36-cp36m-win_amd64.whl", hash = "sha256:b0f9985edde8811f3d97c9e7486bc3d5a8f0c33febd855037ef7f01e94412aed"},
    {file = "selectolax-0.3.12-cp37-cp37m-macosx_10_9_x86_64.whl", hash = "sha256:3e00759da8d2e4e360c18e98de78a778286002d19606abf4909990b5495e3f5a"},
    {file = "selectolax-0.3.12-cp37-cp37m-manylinux_2_17_aarch64.manylinux2014_aarch64.whl", hash = "sha256:454c64eb8b3517bb71ea784ea0e8ed1ecd46745a07b33a9f2b625f065140d1f1"},
    {file = "selectolax-0.3.12-cp37-cp37m-manylinux_2_17_x86_64.manylinux2014_x86_64.whl", hash = "sha256:daee5a35b8444877b220f913a6f4aad427013bde2b2d46d90523d13925ec3dcd"},
    {file = "selectolax-0.3.12-cp37-cp37m-manylinux_2_5_i686.manylinux1_i686.manylinux_2_17_i686.manylinux2014_i686.whl", hash = "sha256:4ccd966a58048bba257077220dbb4901031462479c713ce04ddece7da3a14610"},
    {file = "selectolax-0.3.12-cp37-cp37m-musllinux_1_1_aarch64.whl", hash = "sha256:cfa0952aec7fe84e7a569c09039f354c90b23307a3c7bb66c15293c94f4b68b4"},
    {file = "selectolax-0.3.12-cp37-cp37m-musllinux_1_1_i686.whl", hash = "sha256:7e5082fc58351125463d130ec7300718f54509357804c04b3b1e3a3c43a5e660"},
    {file = "selectolax-0.3.12-cp37-cp37m-musllinux_1_1_x86_64.whl", hash = "sha256:4d6d8f7cf305c526adf3a8e646b7de1610af8c145be59d1e41c05ac606af4b28"},
    {file = "selectolax-0.3.12-cp37-cp37m-win32.whl", hash = "sha256:3c2f9fbec34723b1a4f21e69afb73c1029cf76d200c2d2b6f3ba2bd6e0dc7ef3"},
    {file = "selectolax-0.3.12-cp37-cp37m-win_amd64.whl", hash = "sha256:8bdc3b28a03e0bf9ee355ec527a2df87a14d7011e650353cd6010e8cac569927"},
    {file = "selectolax-0.3.12-cp38-cp38-macosx_10_9_universal2.whl", hash = "sha256:acdb5bd9ae59bd135b892105c7595f85a6720e47248b499d71df15c981ac2769"},
    {file = "selectolax-0.3.12-cp38-cp38-macosx_10_9_x86_64.whl", hash = "sha256:25a29b44fcc52f0373df7f9c9e327aafa56b0d75a7ca0a4724ffb2f9559e79c9"},
    {file = "selectolax-0.3.12-cp38-cp38-manylinux_2_17_aarch64.manylinux2014_aarch64.whl", hash = "sha256:88d7808349565018977797ba37bd34a063525b1691b0ecdb05b95c95347588e1"},
    {file = "selectolax-0.3.12-cp38-cp38-manylinux_2_17_x86_64.manylinux2014_x86_64.whl", hash = "sha256:99bb2121e059d53ff3b6d4befa45466165c667fe1065d34ee5531cf76aef780f"},
    {file = "selectolax-0.3.12-cp38-cp38-manylinux_2_5_i686.manylinux1_i686.manylinux_2_17_i686.manylinux2014_i686.whl", hash = "sha256:45317a7f8a856d3f3647ae1ec9d0541972c605f2f1d54d6a09176738459abf9e"},
    {file = "selectolax-0.3.12-cp38-cp38-musllinux_1_1_aarch64.whl", hash = "sha256:0a63532b2654574a1cde150cb376dda5474538b54ff3bec5f2a5d8180123df2b"},
    {file = "selectolax-0.3.12-cp38-cp38-musllinux_1_1_i686.whl", hash = "sha256:d8cdea81e6e57c1f593a337195eb166b297670757dd3531d3522c880f5ce9c5f"},
    {file = "selectolax-0.3.12-cp38-cp38-musllinux_1_1_x86_64.whl", hash = "sha256:c95637d060e8acf5116e2658079e49c603e48614bbd94a5f48da73ce07e0feb4"},
    {file = "selectolax-0.3.12-cp38-cp38-win32.whl", hash = "sha256:7198a8f55451c8fbb0609ab0fd6bb941040c30e69bc71c3549c22771f290c2cf"},
    {file = "selectolax-0.3.12-cp38-cp38-win_amd64.whl", hash = "sha256:477e32be8c03c468d381c46c9b0ca2b4e81928588362ea3ec94fdb49d3777900"},
    {file = "selectolax-0.3.12-cp39-cp39-macosx_10_9_universal2.whl", hash = "sha256:32ef00778a4c619302667642b3280641f6a492b099cb3720a5af605f3818b76f"},
    {file = "selectolax-0.3.12-cp39-cp39-macosx_10_9_x86_64.whl", hash = "sha256:c1a8085d87278beef55f37c9ffb881a0a5cae0e2eb95573858e78468277f032e"},
    {file = "selectolax-0.3.12-cp39-cp39-manylinux_2_17_aarch64.manylinux2014_aarch64.whl", hash = "sha256:31131796446bbb2f7e9a23d1335ac887b01ceb20b751b0522c146463ef973550"},
    {file = "selectolax-0.3.12-cp39-cp39-manylinux_2_17_x86_64.manylinux2014_x86_64.whl", hash = "sha256:fac8d4f0c54fe0d6cecde1f74ddae0ee8af018a4dd10ac03da2102b8d8aadc1e"},
    {file = "selectolax-0.3.12-cp39-cp39-manylinux_2_5_i686.manylinux1_i686.manylinux_2_17_i686.manylinux2014_i686.whl", hash = "sha256:976b8c139c44d38786ecb03f42588b011cab13d91bda854d8ec1ae6559a2a9eb"},
    {file = "selectolax-0.3.12-cp39-cp39-musllinux_1_1_aarch64.whl", hash = "sha256:516dad82c402533b82a536889ec076c1eefdcf9972f8e038b2d5b6bff76891c0"},
    {file = "selectolax-0.3.12-cp39-cp39-musllinux_1_1_i686.whl", hash = "sha256:b657502ee6339a30986fe19da7e41d1afbef7046de2003091a11c84352dbf829"},
    {file = "selectolax-0.3.12-cp39-cp39-musllinux_1_1_x86_64.whl", hash = "sha256:df29602de7e49adbb218a026e25a0dd650a0a536a7a7bcf3f0850e8e537877ad"},
    {file = "selectolax-0.3.12-cp39-cp39-win32.whl", hash = "sha256:a6779dfdb3171e496eac015908e0d7ef9b41cc9a1942a04e1a0156b0a1a8d4fa"},
    {file = "selectolax-0.3.12-cp39-cp39-win_amd64.whl", hash = "sha256:3ed77586c29b6974e913646e191b7964e8b64d573407ec18bb3ba4c595fba5b1"},
    {file = "selectolax-0.3.12.tar.gz", hash = "sha256:e90473656f9c0e3f760712b965e1f2398109afd0faf416be52d2afbad3fe5791"},
]

[package.dependencies]
Cython = ">=0.29.23"

[[package]]
name = "sniffio"
version = "1.3.0"
description = "Sniff out which async library your code is running under"
category = "main"
optional = false
python-versions = ">=3.7"
files = [
    {file = "sniffio-1.3.0-py3-none-any.whl", hash = "sha256:eecefdce1e5bbfb7ad2eeaabf7c1eeb404d7757c379bd1f7e5cce9d8bf425384"},
    {file = "sniffio-1.3.0.tar.gz", hash = "sha256:e60305c5e5d314f5389259b7f22aaa33d8f7dee49763119234af3755c55b9101"},
]

[metadata]
lock-version = "2.0"
python-versions = "^3.10"
content-hash = "14fbd38445f1c89d67ddd2bfb67ecb71f3f4ef25dc1fd231a6229923c1d907f3"
